// !$*UTF8*$!
{
	archiveVersion = 1;
	classes = {
	};
	objectVersion = 46;
	objects = {

/* Begin PBXBuildFile section */
		29224CA11A70E9B2002DFBF6 /* main.m in Sources */ = {isa = PBXBuildFile; fileRef = 29224CA01A70E9B2002DFBF6 /* main.m */; };
		29224CA41A70E9B2002DFBF6 /* AppDelegate.m in Sources */ = {isa = PBXBuildFile; fileRef = 29224CA31A70E9B2002DFBF6 /* AppDelegate.m */; };
		29224CA71A70E9B2002DFBF6 /* FirstViewController.m in Sources */ = {isa = PBXBuildFile; fileRef = 29224CA61A70E9B2002DFBF6 /* FirstViewController.m */; };
		29224CAA1A70E9B2002DFBF6 /* SecondViewController.m in Sources */ = {isa = PBXBuildFile; fileRef = 29224CA91A70E9B2002DFBF6 /* SecondViewController.m */; };
		29224CAD1A70E9B2002DFBF6 /* Main.storyboard in Resources */ = {isa = PBXBuildFile; fileRef = 29224CAB1A70E9B2002DFBF6 /* Main.storyboard */; };
		29224CAF1A70E9B2002DFBF6 /* Images.xcassets in Resources */ = {isa = PBXBuildFile; fileRef = 29224CAE1A70E9B2002DFBF6 /* Images.xcassets */; };
		29224CB21A70E9B2002DFBF6 /* LaunchScreen.xib in Resources */ = {isa = PBXBuildFile; fileRef = 29224CB01A70E9B2002DFBF6 /* LaunchScreen.xib */; };
		29224CBE1A70E9B2002DFBF6 /* SSLPinDemoTests.m in Sources */ = {isa = PBXBuildFile; fileRef = 29224CBD1A70E9B2002DFBF6 /* SSLPinDemoTests.m */; };
/* End PBXBuildFile section */

/* Begin PBXContainerItemProxy section */
		29224CB81A70E9B2002DFBF6 /* PBXContainerItemProxy */ = {
			isa = PBXContainerItemProxy;
			containerPortal = 29224C931A70E9B2002DFBF6 /* Project object */;
			proxyType = 1;
			remoteGlobalIDString = 29224C9A1A70E9B2002DFBF6;
			remoteInfo = SSLPinDemo;
		};
/* End PBXContainerItemProxy section */

/* Begin PBXFileReference section */
		29224C9B1A70E9B2002DFBF6 /* SSLPinDemo.app */ = {isa = PBXFileReference; explicitFileType = wrapper.application; includeInIndex = 0; path = SSLPinDemo.app; sourceTree = BUILT_PRODUCTS_DIR; };
		29224C9F1A70E9B2002DFBF6 /* Info.plist */ = {isa = PBXFileReference; lastKnownFileType = text.plist.xml; path = Info.plist; sourceTree = "<group>"; };
		29224CA01A70E9B2002DFBF6 /* main.m */ = {isa = PBXFileReference; lastKnownFileType = sourcecode.c.objc; path = main.m; sourceTree = "<group>"; };
		29224CA21A70E9B2002DFBF6 /* AppDelegate.h */ = {isa = PBXFileReference; lastKnownFileType = sourcecode.c.h; path = AppDelegate.h; sourceTree = "<group>"; };
		29224CA31A70E9B2002DFBF6 /* AppDelegate.m */ = {isa = PBXFileReference; lastKnownFileType = sourcecode.c.objc; path = AppDelegate.m; sourceTree = "<group>"; };
		29224CA51A70E9B2002DFBF6 /* FirstViewController.h */ = {isa = PBXFileReference; lastKnownFileType = sourcecode.c.h; path = FirstViewController.h; sourceTree = "<group>"; };
		29224CA61A70E9B2002DFBF6 /* FirstViewController.m */ = {isa = PBXFileReference; lastKnownFileType = sourcecode.c.objc; path = FirstViewController.m; sourceTree = "<group>"; };
		29224CA81A70E9B2002DFBF6 /* SecondViewController.h */ = {isa = PBXFileReference; lastKnownFileType = sourcecode.c.h; path = SecondViewController.h; sourceTree = "<group>"; };
		29224CA91A70E9B2002DFBF6 /* SecondViewController.m */ = {isa = PBXFileReference; lastKnownFileType = sourcecode.c.objc; path = SecondViewController.m; sourceTree = "<group>"; };
		29224CAC1A70E9B2002DFBF6 /* Base */ = {isa = PBXFileReference; lastKnownFileType = file.storyboard; name = Base; path = Base.lproj/Main.storyboard; sourceTree = "<group>"; };
		29224CAE1A70E9B2002DFBF6 /* Images.xcassets */ = {isa = PBXFileReference; lastKnownFileType = folder.assetcatalog; path = Images.xcassets; sourceTree = "<group>"; };
		29224CB11A70E9B2002DFBF6 /* Base */ = {isa = PBXFileReference; lastKnownFileType = file.xib; name = Base; path = Base.lproj/LaunchScreen.xib; sourceTree = "<group>"; };
		29224CB71A70E9B2002DFBF6 /* SSLPinDemoTests.xctest */ = {isa = PBXFileReference; explicitFileType = wrapper.cfbundle; includeInIndex = 0; path = SSLPinDemoTests.xctest; sourceTree = BUILT_PRODUCTS_DIR; };
		29224CBC1A70E9B2002DFBF6 /* Info.plist */ = {isa = PBXFileReference; lastKnownFileType = text.plist.xml; path = Info.plist; sourceTree = "<group>"; };
		29224CBD1A70E9B2002DFBF6 /* SSLPinDemoTests.m */ = {isa = PBXFileReference; lastKnownFileType = sourcecode.c.objc; path = SSLPinDemoTests.m; sourceTree = "<group>"; };
/* End PBXFileReference section */

/* Begin PBXFrameworksBuildPhase section */
		29224C981A70E9B2002DFBF6 /* Frameworks */ = {
			isa = PBXFrameworksBuildPhase;
			buildActionMask = 2147483647;
			files = (
			);
			runOnlyForDeploymentPostprocessing = 0;
		};
		29224CB41A70E9B2002DFBF6 /* Frameworks */ = {
			isa = PBXFrameworksBuildPhase;
			buildActionMask = 2147483647;
			files = (
			);
			runOnlyForDeploymentPostprocessing = 0;
		};
/* End PBXFrameworksBuildPhase section */

/* Begin PBXGroup section */
		29224C921A70E9B2002DFBF6 = {
			isa = PBXGroup;
			children = (
				29224C9D1A70E9B2002DFBF6 /* SSLPinDemo */,
				29224CBA1A70E9B2002DFBF6 /* SSLPinDemoTests */,
				29224C9C1A70E9B2002DFBF6 /* Products */,
			);
			sourceTree = "<group>";
		};
		29224C9C1A70E9B2002DFBF6 /* Products */ = {
			isa = PBXGroup;
			children = (
				29224C9B1A70E9B2002DFBF6 /* SSLPinDemo.app */,
				29224CB71A70E9B2002DFBF6 /* SSLPinDemoTests.xctest */,
			);
			name = Products;
			sourceTree = "<group>";
		};
		29224C9D1A70E9B2002DFBF6 /* SSLPinDemo */ = {
			isa = PBXGroup;
			children = (
				29224CA21A70E9B2002DFBF6 /* AppDelegate.h */,
				29224CA31A70E9B2002DFBF6 /* AppDelegate.m */,
				29224CA51A70E9B2002DFBF6 /* FirstViewController.h */,
				29224CA61A70E9B2002DFBF6 /* FirstViewController.m */,
				29224CA81A70E9B2002DFBF6 /* SecondViewController.h */,
				29224CA91A70E9B2002DFBF6 /* SecondViewController.m */,
				29224CAB1A70E9B2002DFBF6 /* Main.storyboard */,
				29224CAE1A70E9B2002DFBF6 /* Images.xcassets */,
				29224CB01A70E9B2002DFBF6 /* LaunchScreen.xib */,
				29224C9E1A70E9B2002DFBF6 /* Supporting Files */,
			);
			path = SSLPinDemo;
			sourceTree = "<group>";
		};
		29224C9E1A70E9B2002DFBF6 /* Supporting Files */ = {
			isa = PBXGroup;
			children = (
				29224C9F1A70E9B2002DFBF6 /* Info.plist */,
				29224CA01A70E9B2002DFBF6 /* main.m */,
			);
			name = "Supporting Files";
			sourceTree = "<group>";
		};
		29224CBA1A70E9B2002DFBF6 /* SSLPinDemoTests */ = {
			isa = PBXGroup;
			children = (
				29224CBD1A70E9B2002DFBF6 /* SSLPinDemoTests.m */,
				29224CBB1A70E9B2002DFBF6 /* Supporting Files */,
			);
			path = SSLPinDemoTests;
			sourceTree = "<group>";
		};
		29224CBB1A70E9B2002DFBF6 /* Supporting Files */ = {
			isa = PBXGroup;
			children = (
				29224CBC1A70E9B2002DFBF6 /* Info.plist */,
			);
			name = "Supporting Files";
			sourceTree = "<group>";
		};
/* End PBXGroup section */

/* Begin PBXNativeTarget section */
		29224C9A1A70E9B2002DFBF6 /* SSLPinDemo */ = {
			isa = PBXNativeTarget;
			buildConfigurationList = 29224CC11A70E9B2002DFBF6 /* Build configuration list for PBXNativeTarget "SSLPinDemo" */;
			buildPhases = (
				29224C971A70E9B2002DFBF6 /* Sources */,
				29224C981A70E9B2002DFBF6 /* Frameworks */,
				29224C991A70E9B2002DFBF6 /* Resources */,
			);
			buildRules = (
			);
			dependencies = (
			);
			name = SSLPinDemo;
			productName = SSLPinDemo;
			productReference = 29224C9B1A70E9B2002DFBF6 /* SSLPinDemo.app */;
			productType = "com.apple.product-type.application";
		};
		29224CB61A70E9B2002DFBF6 /* SSLPinDemoTests */ = {
			isa = PBXNativeTarget;
			buildConfigurationList = 29224CC41A70E9B2002DFBF6 /* Build configuration list for PBXNativeTarget "SSLPinDemoTests" */;
			buildPhases = (
				29224CB31A70E9B2002DFBF6 /* Sources */,
				29224CB41A70E9B2002DFBF6 /* Frameworks */,
				29224CB51A70E9B2002DFBF6 /* Resources */,
			);
			buildRules = (
			);
			dependencies = (
				29224CB91A70E9B2002DFBF6 /* PBXTargetDependency */,
			);
			name = SSLPinDemoTests;
			productName = SSLPinDemoTests;
			productReference = 29224CB71A70E9B2002DFBF6 /* SSLPinDemoTests.xctest */;
			productType = "com.apple.product-type.bundle.unit-test";
		};
/* End PBXNativeTarget section */

/* Begin PBXProject section */
		29224C931A70E9B2002DFBF6 /* Project object */ = {
			isa = PBXProject;
			attributes = {
				LastUpgradeCheck = 0610;
				ORGANIZATIONNAME = Forrest;
				TargetAttributes = {
					29224C9A1A70E9B2002DFBF6 = {
						CreatedOnToolsVersion = 6.1.1;
					};
					29224CB61A70E9B2002DFBF6 = {
						CreatedOnToolsVersion = 6.1.1;
						TestTargetID = 29224C9A1A70E9B2002DFBF6;
					};
				};
			};
			buildConfigurationList = 29224C961A70E9B2002DFBF6 /* Build configuration list for PBXProject "SSLPinDemo" */;
			compatibilityVersion = "Xcode 3.2";
			developmentRegion = English;
			hasScannedForEncodings = 0;
			knownRegions = (
				en,
				Base,
			);
			mainGroup = 29224C921A70E9B2002DFBF6;
			productRefGroup = 29224C9C1A70E9B2002DFBF6 /* Products */;
			projectDirPath = "";
			projectRoot = "";
			targets = (
				29224C9A1A70E9B2002DFBF6 /* SSLPinDemo */,
				29224CB61A70E9B2002DFBF6 /* SSLPinDemoTests */,
			);
		};
/* End PBXProject section */

/* Begin PBXResourcesBuildPhase section */
		29224C991A70E9B2002DFBF6 /* Resources */ = {
			isa = PBXResourcesBuildPhase;
			buildActionMask = 2147483647;
			files = (
				29224CAD1A70E9B2002DFBF6 /* Main.storyboard in Resources */,
				29224CB21A70E9B2002DFBF6 /* LaunchScreen.xib in Resources */,
				29224CAF1A70E9B2002DFBF6 /* Images.xcassets in Resources */,
			);
			runOnlyForDeploymentPostprocessing = 0;
		};
		29224CB51A70E9B2002DFBF6 /* Resources */ = {
			isa = PBXResourcesBuildPhase;
			buildActionMask = 2147483647;
			files = (
			);
			runOnlyForDeploymentPostprocessing = 0;
		};
/* End PBXResourcesBuildPhase section */

/* Begin PBXSourcesBuildPhase section */
		29224C971A70E9B2002DFBF6 /* Sources */ = {
			isa = PBXSourcesBuildPhase;
			buildActionMask = 2147483647;
			files = (
				29224CAA1A70E9B2002DFBF6 /* SecondViewController.m in Sources */,
				29224CA41A70E9B2002DFBF6 /* AppDelegate.m in Sources */,
				29224CA71A70E9B2002DFBF6 /* FirstViewController.m in Sources */,
				29224CA11A70E9B2002DFBF6 /* main.m in Sources */,
			);
			runOnlyForDeploymentPostprocessing = 0;
		};
		29224CB31A70E9B2002DFBF6 /* Sources */ = {
			isa = PBXSourcesBuildPhase;
			buildActionMask = 2147483647;
			files = (
				29224CBE1A70E9B2002DFBF6 /* SSLPinDemoTests.m in Sources */,
			);
			runOnlyForDeploymentPostprocessing = 0;
		};
/* End PBXSourcesBuildPhase section */

/* Begin PBXTargetDependency section */
		29224CB91A70E9B2002DFBF6 /* PBXTargetDependency */ = {
			isa = PBXTargetDependency;
			target = 29224C9A1A70E9B2002DFBF6 /* SSLPinDemo */;
			targetProxy = 29224CB81A70E9B2002DFBF6 /* PBXContainerItemProxy */;
		};
/* End PBXTargetDependency section */

/* Begin PBXVariantGroup section */
		29224CAB1A70E9B2002DFBF6 /* Main.storyboard */ = {
			isa = PBXVariantGroup;
			children = (
				29224CAC1A70E9B2002DFBF6 /* Base */,
			);
			name = Main.storyboard;
			sourceTree = "<group>";
		};
		29224CB01A70E9B2002DFBF6 /* LaunchScreen.xib */ = {
			isa = PBXVariantGroup;
			children = (
				29224CB11A70E9B2002DFBF6 /* Base */,
			);
			name = LaunchScreen.xib;
			sourceTree = "<group>";
		};
/* End PBXVariantGroup section */

/* Begin XCBuildConfiguration section */
		29224CBF1A70E9B2002DFBF6 /* Debug */ = {
			isa = XCBuildConfiguration;
			buildSettings = {
				ALWAYS_SEARCH_USER_PATHS = NO;
				CLANG_CXX_LANGUAGE_STANDARD = "gnu++0x";
				CLANG_CXX_LIBRARY = "libc++";
				CLANG_ENABLE_MODULES = YES;
				CLANG_ENABLE_OBJC_ARC = YES;
				CLANG_WARN_BOOL_CONVERSION = YES;
				CLANG_WARN_CONSTANT_CONVERSION = YES;
				CLANG_WARN_DIRECT_OBJC_ISA_USAGE = YES_ERROR;
				CLANG_WARN_EMPTY_BODY = YES;
				CLANG_WARN_ENUM_CONVERSION = YES;
				CLANG_WARN_INT_CONVERSION = YES;
				CLANG_WARN_OBJC_ROOT_CLASS = YES_ERROR;
				CLANG_WARN_UNREACHABLE_CODE = YES;
				CLANG_WARN__DUPLICATE_METHOD_MATCH = YES;
				"CODE_SIGN_IDENTITY[sdk=iphoneos*]" = "iPhone Developer";
				COPY_PHASE_STRIP = NO;
				ENABLE_STRICT_OBJC_MSGSEND = YES;
				GCC_C_LANGUAGE_STANDARD = gnu99;
				GCC_DYNAMIC_NO_PIC = NO;
				GCC_OPTIMIZATION_LEVEL = 0;
				GCC_PREPROCESSOR_DEFINITIONS = (
					"DEBUG=1",
					"$(inherited)",
				);
				GCC_SYMBOLS_PRIVATE_EXTERN = NO;
				GCC_WARN_64_TO_32_BIT_CONVERSION = YES;
				GCC_WARN_ABOUT_RETURN_TYPE = YES_ERROR;
				GCC_WARN_UNDECLARED_SELECTOR = YES;
				GCC_WARN_UNINITIALIZED_AUTOS = YES_AGGRESSIVE;
				GCC_WARN_UNUSED_FUNCTION = YES;
				GCC_WARN_UNUSED_VARIABLE = YES;
				IPHONEOS_DEPLOYMENT_TARGET = 8.1;
				MTL_ENABLE_DEBUG_INFO = YES;
				ONLY_ACTIVE_ARCH = YES;
				SDKROOT = iphoneos;
			};
			name = Debug;
		};
		29224CC01A70E9B2002DFBF6 /* Release */ = {
			isa = XCBuildConfiguration;
			buildSettings = {
				ALWAYS_SEARCH_USER_PATHS = NO;
				CLANG_CXX_LANGUAGE_STANDARD = "gnu++0x";
				CLANG_CXX_LIBRARY = "libc++";
				CLANG_ENABLE_MODULES = YES;
				CLANG_ENABLE_OBJC_ARC = YES;
				CLANG_WARN_BOOL_CONVERSION = YES;
				CLANG_WARN_CONSTANT_CONVERSION = YES;
				CLANG_WARN_DIRECT_OBJC_ISA_USAGE = YES_ERROR;
				CLANG_WARN_EMPTY_BODY = YES;
				CLANG_WARN_ENUM_CONVERSION = YES;
				CLANG_WARN_INT_CONVERSION = YES;
				CLANG_WARN_OBJC_ROOT_CLASS = YES_ERROR;
				CLANG_WARN_UNREACHABLE_CODE = YES;
				CLANG_WARN__DUPLICATE_METHOD_MATCH = YES;
				"CODE_SIGN_IDENTITY[sdk=iphoneos*]" = "iPhone Developer";
				COPY_PHASE_STRIP = YES;
				ENABLE_NS_ASSERTIONS = NO;
				ENABLE_STRICT_OBJC_MSGSEND = YES;
				GCC_C_LANGUAGE_STANDARD = gnu99;
				GCC_WARN_64_TO_32_BIT_CONVERSION = YES;
				GCC_WARN_ABOUT_RETURN_TYPE = YES_ERROR;
				GCC_WARN_UNDECLARED_SELECTOR = YES;
				GCC_WARN_UNINITIALIZED_AUTOS = YES_AGGRESSIVE;
				GCC_WARN_UNUSED_FUNCTION = YES;
				GCC_WARN_UNUSED_VARIABLE = YES;
				IPHONEOS_DEPLOYMENT_TARGET = 8.1;
				MTL_ENABLE_DEBUG_INFO = NO;
				SDKROOT = iphoneos;
				VALIDATE_PRODUCT = YES;
			};
			name = Release;
		};
		29224CC21A70E9B2002DFBF6 /* Debug */ = {
			isa = XCBuildConfiguration;
			buildSettings = {
				ASSETCATALOG_COMPILER_APPICON_NAME = AppIcon;
				INFOPLIST_FILE = SSLPinDemo/Info.plist;
				LD_RUNPATH_SEARCH_PATHS = "$(inherited) @executable_path/Frameworks";
				PRODUCT_NAME = "$(TARGET_NAME)";
			};
			name = Debug;
		};
		29224CC31A70E9B2002DFBF6 /* Release */ = {
			isa = XCBuildConfiguration;
			buildSettings = {
				ASSETCATALOG_COMPILER_APPICON_NAME = AppIcon;
				INFOPLIST_FILE = SSLPinDemo/Info.plist;
				LD_RUNPATH_SEARCH_PATHS = "$(inherited) @executable_path/Frameworks";
				PRODUCT_NAME = "$(TARGET_NAME)";
			};
			name = Release;
		};
		29224CC51A70E9B2002DFBF6 /* Debug */ = {
			isa = XCBuildConfiguration;
			buildSettings = {
				BUNDLE_LOADER = "$(TEST_HOST)";
				FRAMEWORK_SEARCH_PATHS = (
					"$(SDKROOT)/Developer/Library/Frameworks",
					"$(inherited)",
				);
				GCC_PREPROCESSOR_DEFINITIONS = (
					"DEBUG=1",
					"$(inherited)",
				);
				INFOPLIST_FILE = SSLPinDemoTests/Info.plist;
				LD_RUNPATH_SEARCH_PATHS = "$(inherited) @executable_path/Frameworks @loader_path/Frameworks";
				PRODUCT_NAME = "$(TARGET_NAME)";
				TEST_HOST = "$(BUILT_PRODUCTS_DIR)/SSLPinDemo.app/SSLPinDemo";
			};
			name = Debug;
		};
		29224CC61A70E9B2002DFBF6 /* Release */ = {
			isa = XCBuildConfiguration;
			buildSettings = {
				BUNDLE_LOADER = "$(TEST_HOST)";
				FRAMEWORK_SEARCH_PATHS = (
					"$(SDKROOT)/Developer/Library/Frameworks",
					"$(inherited)",
				);
				INFOPLIST_FILE = SSLPinDemoTests/Info.plist;
				LD_RUNPATH_SEARCH_PATHS = "$(inherited) @executable_path/Frameworks @loader_path/Frameworks";
				PRODUCT_NAME = "$(TARGET_NAME)";
				TEST_HOST = "$(BUILT_PRODUCTS_DIR)/SSLPinDemo.app/SSLPinDemo";
			};
			name = Release;
		};
/* End XCBuildConfiguration section */

/* Begin XCConfigurationList section */
		29224C961A70E9B2002DFBF6 /* Build configuration list for PBXProject "SSLPinDemo" */ = {
			isa = XCConfigurationList;
			buildConfigurations = (
				29224CBF1A70E9B2002DFBF6 /* Debug */,
				29224CC01A70E9B2002DFBF6 /* Release */,
			);
			defaultConfigurationIsVisible = 0;
			defaultConfigurationName = Release;
		};
		29224CC11A70E9B2002DFBF6 /* Build configuration list for PBXNativeTarget "SSLPinDemo" */ = {
			isa = XCConfigurationList;
			buildConfigurations = (
				29224CC21A70E9B2002DFBF6 /* Debug */,
				29224CC31A70E9B2002DFBF6 /* Release */,
			);
			defaultConfigurationIsVisible = 0;
		};
		29224CC41A70E9B2002DFBF6 /* Build configuration list for PBXNativeTarget "SSLPinDemoTests" */ = {
			isa = XCConfigurationList;
			buildConfigurations = (
				29224CC51A70E9B2002DFBF6 /* Debug */,
				29224CC61A70E9B2002DFBF6 /* Release */,
			);
			defaultConfigurationIsVisible = 0;
		};
/* End XCConfigurationList section */
	};
	rootObject = 29224C931A70E9B2002DFBF6 /* Project object */;
}
